
Microsoft Visual Studio Solution File, Format Version 12.00
# Visual Studio Version 16
VisualStudioVersion = 16.0.29806.167
MinimumVisualStudioVersion = 10.0.40219.1
Project("{9A19103F-16F7-4668-BE54-9A1E7A4F7556}") = "OrderApi", "WebApi\OrderApi.csproj", "{D63E1015-CF05-494A-833E-9B1F29AB4556}"
EndProject
Project("{9A19103F-16F7-4668-BE54-9A1E7A4F7556}") = "OcelotDemo", "OcelotDemo\OcelotDemo.csproj", "{D57E79F2-E6DF-4FD1-9359-5A7C4D6138A7}"
EndProject
Project("{9A19103F-16F7-4668-BE54-9A1E7A4F7556}") = "GoodApi", "GoodApi\GoodApi.csproj", "{6AC73943-70D6-4104-AA54-6ABE1B7A29CE}"
EndProject
Project("{2150E333-8FDC-42A3-9474-1A3956D46DE8}") = "01 Common", "01 Common", "{44DAD053-BB2B-46E5-9946-22ED65C8A49F}"
EndProject
Project("{2150E333-8FDC-42A3-9474-1A3956D46DE8}") = "02 Infra", "02 Infra", "{959BB748-68BB-479A-BDD5-F7B6EACBD626}"
EndProject
Project("{2150E333-8FDC-42A3-9474-1A3956D46DE8}") = "03 Domain", "03 Domain", "{67D71C57-056F-4E61-82B0-59513C590D6F}"
EndProject
Project("{2150E333-8FDC-42A3-9474-1A3956D46DE8}") = "04 Application", "04 Application", "{C8C7E6DE-3E53-4F7A-8926-BB7EE23ED502}"
EndProject
Project("{2150E333-8FDC-42A3-9474-1A3956D46DE8}") = "05 Services", "05 Services", "{233269D0-CF9D-4660-ABB4-9AFF4F5B72B3}"
EndProject
Project("{9A19103F-16F7-4668-BE54-9A1E7A4F7556}") = "Domain", "Domain\Domain.csproj", "{2F86D28D-FE30-47A4-8F89-FEC0E5670E9F}"
EndProject
Project("{9A19103F-16F7-4668-BE54-9A1E7A4F7556}") = "Application", "Application\Application.csproj", "{6A4B1FBB-F1EE-4648-BD3D-6CDF3F9810C9}"
EndProject
Project("{9A19103F-16F7-4668-BE54-9A1E7A4F7556}") = "LoginApi", "Login\LoginApi.csproj", "{13A81991-E155-40F7-AF7A-F7ADB257E586}"
EndProject
Project("{2150E333-8FDC-42A3-9474-1A3956D46DE8}") = "99 Presentation", "99 Presentation", "{9475DF97-0266-46E2-B5FC-E6A5A702148C}"
EndProject
Project("{9A19103F-16F7-4668-BE54-9A1E7A4F7556}") = "Class1", "Class1\Class1.csproj", "{660E5D1D-8410-4CDB-84D5-DB634B967E63}"
EndProject
Project("{9A19103F-16F7-4668-BE54-9A1E7A4F7556}") = "SoilHost", "SoilHost\SoilHost.csproj", "{43F90130-F306-4815-98FA-CBFCE9E7D030}"
EndProject
Project("{FAE04EC0-301F-11D3-BF4B-00C04F79EFBC}") = "DapperExtensions", "Common\DapperExtensions\DapperExtensions.csproj", "{4C1A2C6C-A469-4C87-98D1-F1D517FA1ACF}"
EndProject
Project("{9A19103F-16F7-4668-BE54-9A1E7A4F7556}") = "GrpcClient", "GrpcClient\GrpcClient.csproj", "{F1386FF4-F149-4B4D-96B4-389599AAF478}"
EndProject
Project("{9A19103F-16F7-4668-BE54-9A1E7A4F7556}") = "GrpcProtocol", "GrpcProtocol\GrpcProtocol.csproj", "{470D94CD-BADA-4C73-9EC2-832F9C13D07E}"
EndProject
Project("{9A19103F-16F7-4668-BE54-9A1E7A4F7556}") = "GrpcServer", "GrpcServer\GrpcServer.csproj", "{EDB25A64-E22C-44B8-AC39-7CF68D92A571}"
EndProject
Project("{2150E333-8FDC-42A3-9474-1A3956D46DE8}") = "2.2 CrossCutting", "2.2 CrossCutting", "{D08A7F73-3652-4D28-A648-1C9DDD73A00D}"
EndProject
Project("{9A19103F-16F7-4668-BE54-9A1E7A4F7556}") = "Infra.CrossCutting.IoC", "IoC\Infra.CrossCutting.IoC.csproj", "{637F3BF7-51AC-40A5-A0AC-2FA374133657}"
EndProject
Project("{9A19103F-16F7-4668-BE54-9A1E7A4F7556}") = "Domain.Core", "Domain.Core\Domain.Core.csproj", "{E3DA94C5-58E2-48D6-8C7E-A3E251746F92}"
EndProject
Project("{9A19103F-16F7-4668-BE54-9A1E7A4F7556}") = "Infra.CrossCutting.Bus", "Bus\Infra.CrossCutting.Bus.csproj", "{A082863B-1220-4390-87C0-6604CE8BF23D}"
EndProject
Project("{9A19103F-16F7-4668-BE54-9A1E7A4F7556}") = "Infra.CrossCutting.Data", "Infra.CrossCutting.Data\Infra.CrossCutting.Data.csproj", "{79C6CE44-D5A0-4E6F-8223-ACC946B53164}"
EndProject
Project("{2150E333-8FDC-42A3-9474-1A3956D46DE8}") = "2.1 Data", "2.1 Data", "{B9FAB218-4E9D-4793-8B22-9011E00183E0}"
EndProject
Project("{2150E333-8FDC-42A3-9474-1A3956D46DE8}") = "06 Web", "06 Web", "{1E76F3DF-7C5C-4C6D-A51E-185878F5A62C}"
EndProject
Project("{9A19103F-16F7-4668-BE54-9A1E7A4F7556}") = "IdentityMvc", "IdentityMvc\IdentityMvc.csproj", "{6A0E9AC4-0877-4292-89A1-958B776EED77}"
EndProject
Project("{9A19103F-16F7-4668-BE54-9A1E7A4F7556}") = "Rabbit_Publisher", "Rabbit_Publisher\Rabbit_Publisher.csproj", "{3578C18E-A39E-4FD5-890C-5335FD004963}"
EndProject
Project("{9A19103F-16F7-4668-BE54-9A1E7A4F7556}") = "PublicClass", "PublicClass\PublicClass.csproj", "{B150070C-2EE5-4ECA-BB04-985AACF19708}"
EndProject
Project("{9A19103F-16F7-4668-BE54-9A1E7A4F7556}") = "Rabbit_Subscriber", "Rabbit_Subscriber\Rabbit_Subscriber.csproj", "{B8E01997-EE2E-4433-90EC-A57CE916925C}"
EndProject
Global
	GlobalSection(SolutionConfigurationPlatforms) = preSolution
		Debug|Any CPU = Debug|Any CPU
		Release|Any CPU = Release|Any CPU
	EndGlobalSection
	GlobalSection(ProjectConfigurationPlatforms) = postSolution
		{D63E1015-CF05-494A-833E-9B1F29AB4556}.Debug|Any CPU.ActiveCfg = Debug|Any CPU
		{D63E1015-CF05-494A-833E-9B1F29AB4556}.Debug|Any CPU.Build.0 = Debug|Any CPU
		{D63E1015-CF05-494A-833E-9B1F29AB4556}.Release|Any CPU.ActiveCfg = Release|Any CPU
		{D63E1015-CF05-494A-833E-9B1F29AB4556}.Release|Any CPU.Build.0 = Release|Any CPU
		{D57E79F2-E6DF-4FD1-9359-5A7C4D6138A7}.Debug|Any CPU.ActiveCfg = Debug|Any CPU
		{D57E79F2-E6DF-4FD1-9359-5A7C4D6138A7}.Debug|Any CPU.Build.0 = Debug|Any CPU
		{D57E79F2-E6DF-4FD1-9359-5A7C4D6138A7}.Release|Any CPU.ActiveCfg = Release|Any CPU
		{D57E79F2-E6DF-4FD1-9359-5A7C4D6138A7}.Release|Any CPU.Build.0 = Release|Any CPU
		{6AC73943-70D6-4104-AA54-6ABE1B7A29CE}.Debug|Any CPU.ActiveCfg = Debug|Any CPU
		{6AC73943-70D6-4104-AA54-6ABE1B7A29CE}.Debug|Any CPU.Build.0 = Debug|Any CPU
		{6AC73943-70D6-4104-AA54-6ABE1B7A29CE}.Release|Any CPU.ActiveCfg = Release|Any CPU
		{6AC73943-70D6-4104-AA54-6ABE1B7A29CE}.Release|Any CPU.Build.0 = Release|Any CPU
		{2F86D28D-FE30-47A4-8F89-FEC0E5670E9F}.Debug|Any CPU.ActiveCfg = Debug|Any CPU
		{2F86D28D-FE30-47A4-8F89-FEC0E5670E9F}.Debug|Any CPU.Build.0 = Debug|Any CPU
		{2F86D28D-FE30-47A4-8F89-FEC0E5670E9F}.Release|Any CPU.ActiveCfg = Release|Any CPU
		{2F86D28D-FE30-47A4-8F89-FEC0E5670E9F}.Release|Any CPU.Build.0 = Release|Any CPU
		{6A4B1FBB-F1EE-4648-BD3D-6CDF3F9810C9}.Debug|Any CPU.ActiveCfg = Debug|Any CPU
		{6A4B1FBB-F1EE-4648-BD3D-6CDF3F9810C9}.Debug|Any CPU.Build.0 = Debug|Any CPU
		{6A4B1FBB-F1EE-4648-BD3D-6CDF3F9810C9}.Release|Any CPU.ActiveCfg = Release|Any CPU
		{6A4B1FBB-F1EE-4648-BD3D-6CDF3F9810C9}.Release|Any CPU.Build.0 = Release|Any CPU
		{13A81991-E155-40F7-AF7A-F7ADB257E586}.Debug|Any CPU.ActiveCfg = Debug|Any CPU
		{13A81991-E155-40F7-AF7A-F7ADB257E586}.Debug|Any CPU.Build.0 = Debug|Any CPU
		{13A81991-E155-40F7-AF7A-F7ADB257E586}.Release|Any CPU.ActiveCfg = Release|Any CPU
		{13A81991-E155-40F7-AF7A-F7ADB257E586}.Release|Any CPU.Build.0 = Release|Any CPU
		{660E5D1D-8410-4CDB-84D5-DB634B967E63}.Debug|Any CPU.ActiveCfg = Debug|Any CPU
		{660E5D1D-8410-4CDB-84D5-DB634B967E63}.Debug|Any CPU.Build.0 = Debug|Any CPU
		{660E5D1D-8410-4CDB-84D5-DB634B967E63}.Release|Any CPU.ActiveCfg = Release|Any CPU
		{660E5D1D-8410-4CDB-84D5-DB634B967E63}.Release|Any CPU.Build.0 = Release|Any CPU
		{43F90130-F306-4815-98FA-CBFCE9E7D030}.Debug|Any CPU.ActiveCfg = Debug|Any CPU
		{43F90130-F306-4815-98FA-CBFCE9E7D030}.Debug|Any CPU.Build.0 = Debug|Any CPU
		{43F90130-F306-4815-98FA-CBFCE9E7D030}.Release|Any CPU.ActiveCfg = Release|Any CPU
		{43F90130-F306-4815-98FA-CBFCE9E7D030}.Release|Any CPU.Build.0 = Release|Any CPU
		{4C1A2C6C-A469-4C87-98D1-F1D517FA1ACF}.Debug|Any CPU.ActiveCfg = Debug|Any CPU
		{4C1A2C6C-A469-4C87-98D1-F1D517FA1ACF}.Debug|Any CPU.Build.0 = Debug|Any CPU
		{4C1A2C6C-A469-4C87-98D1-F1D517FA1ACF}.Release|Any CPU.ActiveCfg = Release|Any CPU
		{4C1A2C6C-A469-4C87-98D1-F1D517FA1ACF}.Release|Any CPU.Build.0 = Release|Any CPU
		{F1386FF4-F149-4B4D-96B4-389599AAF478}.Debug|Any CPU.ActiveCfg = Debug|Any CPU
		{F1386FF4-F149-4B4D-96B4-389599AAF478}.Debug|Any CPU.Build.0 = Debug|Any CPU
		{F1386FF4-F149-4B4D-96B4-389599AAF478}.Release|Any CPU.ActiveCfg = Release|Any CPU
		{F1386FF4-F149-4B4D-96B4-389599AAF478}.Release|Any CPU.Build.0 = Release|Any CPU
		{470D94CD-BADA-4C73-9EC2-832F9C13D07E}.Debug|Any CPU.ActiveCfg = Debug|Any CPU
		{470D94CD-BADA-4C73-9EC2-832F9C13D07E}.Debug|Any CPU.Build.0 = Debug|Any CPU
		{470D94CD-BADA-4C73-9EC2-832F9C13D07E}.Release|Any CPU.ActiveCfg = Release|Any CPU
		{470D94CD-BADA-4C73-9EC2-832F9C13D07E}.Release|Any CPU.Build.0 = Release|Any CPU
		{EDB25A64-E22C-44B8-AC39-7CF68D92A571}.Debug|Any CPU.ActiveCfg = Debug|Any CPU
		{EDB25A64-E22C-44B8-AC39-7CF68D92A571}.Debug|Any CPU.Build.0 = Debug|Any CPU
		{EDB25A64-E22C-44B8-AC39-7CF68D92A571}.Release|Any CPU.ActiveCfg = Release|Any CPU
		{EDB25A64-E22C-44B8-AC39-7CF68D92A571}.Release|Any CPU.Build.0 = Release|Any CPU
		{637F3BF7-51AC-40A5-A0AC-2FA374133657}.Debug|Any CPU.ActiveCfg = Debug|Any CPU
		{637F3BF7-51AC-40A5-A0AC-2FA374133657}.Debug|Any CPU.Build.0 = Debug|Any CPU
		{637F3BF7-51AC-40A5-A0AC-2FA374133657}.Release|Any CPU.ActiveCfg = Release|Any CPU
		{637F3BF7-51AC-40A5-A0AC-2FA374133657}.Release|Any CPU.Build.0 = Release|Any CPU
		{E3DA94C5-58E2-48D6-8C7E-A3E251746F92}.Debug|Any CPU.ActiveCfg = Debug|Any CPU
		{E3DA94C5-58E2-48D6-8C7E-A3E251746F92}.Debug|Any CPU.Build.0 = Debug|Any CPU
		{E3DA94C5-58E2-48D6-8C7E-A3E251746F92}.Release|Any CPU.ActiveCfg = Release|Any CPU
		{E3DA94C5-58E2-48D6-8C7E-A3E251746F92}.Release|Any CPU.Build.0 = Release|Any CPU
		{A082863B-1220-4390-87C0-6604CE8BF23D}.Debug|Any CPU.ActiveCfg = Debug|Any CPU
		{A082863B-1220-4390-87C0-6604CE8BF23D}.Debug|Any CPU.Build.0 = Debug|Any CPU
		{A082863B-1220-4390-87C0-6604CE8BF23D}.Release|Any CPU.ActiveCfg = Release|Any CPU
		{A082863B-1220-4390-87C0-6604CE8BF23D}.Release|Any CPU.Build.0 = Release|Any CPU
		{79C6CE44-D5A0-4E6F-8223-ACC946B53164}.Debug|Any CPU.ActiveCfg = Debug|Any CPU
		{79C6CE44-D5A0-4E6F-8223-ACC946B53164}.Debug|Any CPU.Build.0 = Debug|Any CPU
		{79C6CE44-D5A0-4E6F-8223-ACC946B53164}.Release|Any CPU.ActiveCfg = Release|Any CPU
		{79C6CE44-D5A0-4E6F-8223-ACC946B53164}.Release|Any CPU.Build.0 = Release|Any CPU
		{6A0E9AC4-0877-4292-89A1-958B776EED77}.Debug|Any CPU.ActiveCfg = Debug|Any CPU
		{6A0E9AC4-0877-4292-89A1-958B776EED77}.Debug|Any CPU.Build.0 = Debug|Any CPU
		{6A0E9AC4-0877-4292-89A1-958B776EED77}.Release|Any CPU.ActiveCfg = Release|Any CPU
		{6A0E9AC4-0877-4292-89A1-958B776EED77}.Release|Any CPU.Build.0 = Release|Any CPU
		{3578C18E-A39E-4FD5-890C-5335FD004963}.Debug|Any CPU.ActiveCfg = Debug|Any CPU
		{3578C18E-A39E-4FD5-890C-5335FD004963}.Debug|Any CPU.Build.0 = Debug|Any CPU
		{3578C18E-A39E-4FD5-890C-5335FD004963}.Release|Any CPU.ActiveCfg = Release|Any CPU
		{3578C18E-A39E-4FD5-890C-5335FD004963}.Release|Any CPU.Build.0 = Release|Any CPU
		{B150070C-2EE5-4ECA-BB04-985AACF19708}.Debug|Any CPU.ActiveCfg = Debug|Any CPU
		{B150070C-2EE5-4ECA-BB04-985AACF19708}.Debug|Any CPU.Build.0 = Debug|Any CPU
		{B150070C-2EE5-4ECA-BB04-985AACF19708}.Release|Any CPU.ActiveCfg = Release|Any CPU
		{B150070C-2EE5-4ECA-BB04-985AACF19708}.Release|Any CPU.Build.0 = Release|Any CPU
		{B8E01997-EE2E-4433-90EC-A57CE916925C}.Debug|Any CPU.ActiveCfg = Debug|Any CPU
		{B8E01997-EE2E-4433-90EC-A57CE916925C}.Debug|Any CPU.Build.0 = Debug|Any CPU
		{B8E01997-EE2E-4433-90EC-A57CE916925C}.Release|Any CPU.ActiveCfg = Release|Any CPU
		{B8E01997-EE2E-4433-90EC-A57CE916925C}.Release|Any CPU.Build.0 = Release|Any CPU
	EndGlobalSection
	GlobalSection(SolutionProperties) = preSolution
		HideSolutionNode = FALSE
	EndGlobalSection
	GlobalSection(NestedProjects) = preSolution
		{D63E1015-CF05-494A-833E-9B1F29AB4556} = {233269D0-CF9D-4660-ABB4-9AFF4F5B72B3}
		{D57E79F2-E6DF-4FD1-9359-5A7C4D6138A7} = {233269D0-CF9D-4660-ABB4-9AFF4F5B72B3}
		{6AC73943-70D6-4104-AA54-6ABE1B7A29CE} = {233269D0-CF9D-4660-ABB4-9AFF4F5B72B3}
		{2F86D28D-FE30-47A4-8F89-FEC0E5670E9F} = {67D71C57-056F-4E61-82B0-59513C590D6F}
		{6A4B1FBB-F1EE-4648-BD3D-6CDF3F9810C9} = {C8C7E6DE-3E53-4F7A-8926-BB7EE23ED502}
		{13A81991-E155-40F7-AF7A-F7ADB257E586} = {233269D0-CF9D-4660-ABB4-9AFF4F5B72B3}
		{660E5D1D-8410-4CDB-84D5-DB634B967E63} = {D08A7F73-3652-4D28-A648-1C9DDD73A00D}
		{4C1A2C6C-A469-4C87-98D1-F1D517FA1ACF} = {44DAD053-BB2B-46E5-9946-22ED65C8A49F}
		{F1386FF4-F149-4B4D-96B4-389599AAF478} = {9475DF97-0266-46E2-B5FC-E6A5A702148C}
		{470D94CD-BADA-4C73-9EC2-832F9C13D07E} = {9475DF97-0266-46E2-B5FC-E6A5A702148C}
		{EDB25A64-E22C-44B8-AC39-7CF68D92A571} = {9475DF97-0266-46E2-B5FC-E6A5A702148C}
		{D08A7F73-3652-4D28-A648-1C9DDD73A00D} = {959BB748-68BB-479A-BDD5-F7B6EACBD626}
		{637F3BF7-51AC-40A5-A0AC-2FA374133657} = {D08A7F73-3652-4D28-A648-1C9DDD73A00D}
		{E3DA94C5-58E2-48D6-8C7E-A3E251746F92} = {67D71C57-056F-4E61-82B0-59513C590D6F}
		{A082863B-1220-4390-87C0-6604CE8BF23D} = {D08A7F73-3652-4D28-A648-1C9DDD73A00D}
		{79C6CE44-D5A0-4E6F-8223-ACC946B53164} = {B9FAB218-4E9D-4793-8B22-9011E00183E0}
		{B9FAB218-4E9D-4793-8B22-9011E00183E0} = {959BB748-68BB-479A-BDD5-F7B6EACBD626}
		{6A0E9AC4-0877-4292-89A1-958B776EED77} = {233269D0-CF9D-4660-ABB4-9AFF4F5B72B3}
		{3578C18E-A39E-4FD5-890C-5335FD004963} = {9475DF97-0266-46E2-B5FC-E6A5A702148C}
		{B150070C-2EE5-4ECA-BB04-985AACF19708} = {9475DF97-0266-46E2-B5FC-E6A5A702148C}
		{B8E01997-EE2E-4433-90EC-A57CE916925C} = {9475DF97-0266-46E2-B5FC-E6A5A702148C}
	EndGlobalSection
	GlobalSection(ExtensibilityGlobals) = postSolution
		SolutionGuid = {60F501E7-FB40-44D4-A550-BEFEB182C0F9}
	EndGlobalSection
EndGlobal
