
Microsoft Visual Studio Solution File, Format Version 12.00
# Visual Studio 15
VisualStudioVersion = 15.0.28010.2026
MinimumVisualStudioVersion = 10.0.40219.1
Project("{9A19103F-16F7-4668-BE54-9A1E7A4F7556}") = "SoilHost", "SoilHost\SoilHost.csproj", "{17869422-BF85-4DEA-BB5A-3B474B75A2D4}"
EndProject
Project("{9A19103F-16F7-4668-BE54-9A1E7A4F7556}") = "Class1", "Class1\Class1.csproj", "{802BFA2F-11FB-4F8C-8E6D-7D3F6D410E35}"
EndProject
Project("{9A19103F-16F7-4668-BE54-9A1E7A4F7556}") = "OrderApi", "WebApi\OrderApi.csproj", "{D63E1015-CF05-494A-833E-9B1F29AB4556}"
EndProject
Project("{9A19103F-16F7-4668-BE54-9A1E7A4F7556}") = "OcelotDemo", "OcelotDemo\OcelotDemo.csproj", "{D57E79F2-E6DF-4FD1-9359-5A7C4D6138A7}"
EndProject
Project("{9A19103F-16F7-4668-BE54-9A1E7A4F7556}") = "GoodApi", "GoodApi\GoodApi.csproj", "{6AC73943-70D6-4104-AA54-6ABE1B7A29CE}"
EndProject
Project("{2150E333-8FDC-42A3-9474-1A3956D46DE8}") = "01Common", "01Common", "{44DAD053-BB2B-46E5-9946-22ED65C8A49F}"
EndProject
Project("{9A19103F-16F7-4668-BE54-9A1E7A4F7556}") = "DapperExtensions", "Common\DapperExtensions\DapperExtensions.csproj", "{4C1A2C6C-A469-4C87-98D1-F1D517FA1ACF}"
EndProject
Project("{2150E333-8FDC-42A3-9474-1A3956D46DE8}") = "02Repository", "02Repository", "{959BB748-68BB-479A-BDD5-F7B6EACBD626}"
EndProject
Project("{2150E333-8FDC-42A3-9474-1A3956D46DE8}") = "03Domain", "03Domain", "{67D71C57-056F-4E61-82B0-59513C590D6F}"
EndProject
Project("{2150E333-8FDC-42A3-9474-1A3956D46DE8}") = "04Application", "04Application", "{C8C7E6DE-3E53-4F7A-8926-BB7EE23ED502}"
EndProject
Project("{2150E333-8FDC-42A3-9474-1A3956D46DE8}") = "05Services", "05Services", "{233269D0-CF9D-4660-ABB4-9AFF4F5B72B3}"
EndProject
Project("{9A19103F-16F7-4668-BE54-9A1E7A4F7556}") = "Domain", "Domain\Domain.csproj", "{2F86D28D-FE30-47A4-8F89-FEC0E5670E9F}"
EndProject
Project("{9A19103F-16F7-4668-BE54-9A1E7A4F7556}") = "Application", "Application\Application.csproj", "{6A4B1FBB-F1EE-4648-BD3D-6CDF3F9810C9}"
EndProject
Project("{9A19103F-16F7-4668-BE54-9A1E7A4F7556}") = "LoginApi", "Login\LoginApi.csproj", "{13A81991-E155-40F7-AF7A-F7ADB257E586}"
EndProject
Project("{2150E333-8FDC-42A3-9474-1A3956D46DE8}") = "99Presentation", "99Presentation", "{9475DF97-0266-46E2-B5FC-E6A5A702148C}"
EndProject
Global
	GlobalSection(SolutionConfigurationPlatforms) = preSolution
		Debug|Any CPU = Debug|Any CPU
		Release|Any CPU = Release|Any CPU
	EndGlobalSection
	GlobalSection(ProjectConfigurationPlatforms) = postSolution
		{17869422-BF85-4DEA-BB5A-3B474B75A2D4}.Debug|Any CPU.ActiveCfg = Debug|Any CPU
		{17869422-BF85-4DEA-BB5A-3B474B75A2D4}.Debug|Any CPU.Build.0 = Debug|Any CPU
		{17869422-BF85-4DEA-BB5A-3B474B75A2D4}.Release|Any CPU.ActiveCfg = Release|Any CPU
		{17869422-BF85-4DEA-BB5A-3B474B75A2D4}.Release|Any CPU.Build.0 = Release|Any CPU
		{802BFA2F-11FB-4F8C-8E6D-7D3F6D410E35}.Debug|Any CPU.ActiveCfg = Debug|Any CPU
		{802BFA2F-11FB-4F8C-8E6D-7D3F6D410E35}.Debug|Any CPU.Build.0 = Debug|Any CPU
		{802BFA2F-11FB-4F8C-8E6D-7D3F6D410E35}.Release|Any CPU.ActiveCfg = Release|Any CPU
		{802BFA2F-11FB-4F8C-8E6D-7D3F6D410E35}.Release|Any CPU.Build.0 = Release|Any CPU
		{D63E1015-CF05-494A-833E-9B1F29AB4556}.Debug|Any CPU.ActiveCfg = Debug|Any CPU
		{D63E1015-CF05-494A-833E-9B1F29AB4556}.Debug|Any CPU.Build.0 = Debug|Any CPU
		{D63E1015-CF05-494A-833E-9B1F29AB4556}.Release|Any CPU.ActiveCfg = Release|Any CPU
		{D63E1015-CF05-494A-833E-9B1F29AB4556}.Release|Any CPU.Build.0 = Release|Any CPU
		{D57E79F2-E6DF-4FD1-9359-5A7C4D6138A7}.Debug|Any CPU.ActiveCfg = Debug|Any CPU
		{D57E79F2-E6DF-4FD1-9359-5A7C4D6138A7}.Debug|Any CPU.Build.0 = Debug|Any CPU
		{D57E79F2-E6DF-4FD1-9359-5A7C4D6138A7}.Release|Any CPU.ActiveCfg = Release|Any CPU
		{D57E79F2-E6DF-4FD1-9359-5A7C4D6138A7}.Release|Any CPU.Build.0 = Release|Any CPU
		{6AC73943-70D6-4104-AA54-6ABE1B7A29CE}.Debug|Any CPU.ActiveCfg = Debug|Any CPU
		{6AC73943-70D6-4104-AA54-6ABE1B7A29CE}.Debug|Any CPU.Build.0 = Debug|Any CPU
		{6AC73943-70D6-4104-AA54-6ABE1B7A29CE}.Release|Any CPU.ActiveCfg = Release|Any CPU
		{6AC73943-70D6-4104-AA54-6ABE1B7A29CE}.Release|Any CPU.Build.0 = Release|Any CPU
		{4C1A2C6C-A469-4C87-98D1-F1D517FA1ACF}.Debug|Any CPU.ActiveCfg = Debug|Any CPU
		{4C1A2C6C-A469-4C87-98D1-F1D517FA1ACF}.Debug|Any CPU.Build.0 = Debug|Any CPU
		{4C1A2C6C-A469-4C87-98D1-F1D517FA1ACF}.Release|Any CPU.ActiveCfg = Release|Any CPU
		{4C1A2C6C-A469-4C87-98D1-F1D517FA1ACF}.Release|Any CPU.Build.0 = Release|Any CPU
		{2F86D28D-FE30-47A4-8F89-FEC0E5670E9F}.Debug|Any CPU.ActiveCfg = Debug|Any CPU
		{2F86D28D-FE30-47A4-8F89-FEC0E5670E9F}.Debug|Any CPU.Build.0 = Debug|Any CPU
		{2F86D28D-FE30-47A4-8F89-FEC0E5670E9F}.Release|Any CPU.ActiveCfg = Release|Any CPU
		{2F86D28D-FE30-47A4-8F89-FEC0E5670E9F}.Release|Any CPU.Build.0 = Release|Any CPU
		{6A4B1FBB-F1EE-4648-BD3D-6CDF3F9810C9}.Debug|Any CPU.ActiveCfg = Debug|Any CPU
		{6A4B1FBB-F1EE-4648-BD3D-6CDF3F9810C9}.Debug|Any CPU.Build.0 = Debug|Any CPU
		{6A4B1FBB-F1EE-4648-BD3D-6CDF3F9810C9}.Release|Any CPU.ActiveCfg = Release|Any CPU
		{6A4B1FBB-F1EE-4648-BD3D-6CDF3F9810C9}.Release|Any CPU.Build.0 = Release|Any CPU
		{13A81991-E155-40F7-AF7A-F7ADB257E586}.Debug|Any CPU.ActiveCfg = Debug|Any CPU
		{13A81991-E155-40F7-AF7A-F7ADB257E586}.Debug|Any CPU.Build.0 = Debug|Any CPU
		{13A81991-E155-40F7-AF7A-F7ADB257E586}.Release|Any CPU.ActiveCfg = Release|Any CPU
		{13A81991-E155-40F7-AF7A-F7ADB257E586}.Release|Any CPU.Build.0 = Release|Any CPU
	EndGlobalSection
	GlobalSection(SolutionProperties) = preSolution
		HideSolutionNode = FALSE
	EndGlobalSection
	GlobalSection(NestedProjects) = preSolution
		{17869422-BF85-4DEA-BB5A-3B474B75A2D4} = {9475DF97-0266-46E2-B5FC-E6A5A702148C}
		{D63E1015-CF05-494A-833E-9B1F29AB4556} = {233269D0-CF9D-4660-ABB4-9AFF4F5B72B3}
		{D57E79F2-E6DF-4FD1-9359-5A7C4D6138A7} = {233269D0-CF9D-4660-ABB4-9AFF4F5B72B3}
		{6AC73943-70D6-4104-AA54-6ABE1B7A29CE} = {233269D0-CF9D-4660-ABB4-9AFF4F5B72B3}
		{4C1A2C6C-A469-4C87-98D1-F1D517FA1ACF} = {44DAD053-BB2B-46E5-9946-22ED65C8A49F}
		{2F86D28D-FE30-47A4-8F89-FEC0E5670E9F} = {67D71C57-056F-4E61-82B0-59513C590D6F}
		{6A4B1FBB-F1EE-4648-BD3D-6CDF3F9810C9} = {C8C7E6DE-3E53-4F7A-8926-BB7EE23ED502}
		{13A81991-E155-40F7-AF7A-F7ADB257E586} = {233269D0-CF9D-4660-ABB4-9AFF4F5B72B3}
	EndGlobalSection
	GlobalSection(ExtensibilityGlobals) = postSolution
		SolutionGuid = {60F501E7-FB40-44D4-A550-BEFEB182C0F9}
	EndGlobalSection
EndGlobal
